{
    "_meta": {
        "hash": {
            "sha256": "5ec951234d5946a828bcd82410398f155ac3f12c1ee31f2b5ed4a1d7e30d6cdb"
        },
        "pipfile-spec": 6,
        "requires": {
            "python_version": "3.6.8"
        },
        "sources": [
            {
                "name": "pypi",
                "url": "https://pypi.org/simple",
                "verify_ssl": true
            }
        ]
    },
    "default": {
        "oscaptool": {
            "editable": true,
            "path": "."
        }
    },
    "develop": {}
}
